<?xml version="1.0" encoding="utf-8"?>
<Project ToolsVersion="4.0" xmlns="http://schemas.microsoft.com/developer/msbuild/2003">
  <ItemGroup>
    <Filter Include="Source Files">
      <UniqueIdentifier>{4FC737F1-C7A5-4376-A066-2A32D752A2FF}</UniqueIdentifier>
      <Extensions>cpp;c;cc;cxx;def;odl;idl;hpj;bat;asm;asmx</Extensions>
    </Filter>
    <Filter Include="Header Files">
      <UniqueIdentifier>{93995380-89BD-4b04-88EB-625FBE52EBFB}</UniqueIdentifier>
      <Extensions>h;hpp;hxx;hm;inl;inc;xsd</Extensions>
    </Filter>
  </ItemGroup>
  <ItemGroup>
    <ClInclude Include="bit.h">
      <Filter>Header Files</Filter>
    </ClInclude>
    <ClInclude Include="firwindow.h">
      <Filter>Header Files</Filter>
    </ClInclude>
    <ClInclude Include="global.h">
      <Filter>Header Files</Filter>
    </ClInclude>
    <ClInclude Include="log2.h">
      <Filter>Header Files</Filter>
    </ClInclude>
    <ClInclude Include="numunion.h">
      <Filter>Header Files</Filter>
    </ClInclude>
    <ClInclude Include="pinfo.h">
      <Filter>Header Files</Filter>
    </ClInclude>
    <ClInclude Include="swap.h">
      <Filter>Header Files</Filter>
    </ClInclude>
    <ClInclude Include="sysarch.h">
      <Filter>Header Files</Filter>
    </ClInclude>
    <ClInclude Include="timestamp.h">
      <Filter>Header Files</Filter>
    </ClInclude>
    <ClInclude Include="hash.h">
      <Filter>Header Files</Filter>
    </ClInclude>
    <ClInclude Include="brutefir.hpp">
      <Filter>Header Files</Filter>
    </ClInclude>
    <ClInclude Include="dither.hpp">
      <Filter>Header Files</Filter>
    </ClInclude>
    <ClInclude Include="fftw_convolver.hpp">
      <Filter>Header Files</Filter>
    </ClInclude>
    <ClInclude Include="equalizer.hpp">
      <Filter>Header Files</Filter>
    </ClInclude>
    <ClInclude Include="preprocessor.hpp">
      <Filter>Header Files</Filter>
    </ClInclude>
    <ClInclude Include="defs.h">
      <Filter>Header Files</Filter>
    </ClInclude>
    <ClInclude Include="real2raw.hpp">
      <Filter>Header Files</Filter>
    </ClInclude>
    <ClInclude Include="coeff.hpp">
      <Filter>Header Files</Filter>
    </ClInclude>
    <ClInclude Include="delay.hpp">
      <Filter>Header Files</Filter>
    </ClInclude>
    <ClInclude Include="raw2real.hpp">
      <Filter>Header Files</Filter>
    </ClInclude>
    <ClInclude Include="app_path.hpp">
      <Filter>Header Files</Filter>
    </ClInclude>
    <ClInclude Include="util.hpp">
      <Filter>Header Files</Filter>
    </ClInclude>
    <ClInclude Include="buffer.hpp">
      <Filter>Header Files</Filter>
    </ClInclude>
  </ItemGroup>
  <ItemGroup>
    <ClCompile Include="firwindow.c">
      <Filter>Source Files</Filter>
    </ClCompile>
    <ClCompile Include="pinfo.c">
      <Filter>Source Files</Filter>
    </ClCompile>
    <ClCompile Include="hash.c">
      <Filter>Source Files</Filter>
    </ClCompile>
    <ClCompile Include="brutefir.cpp">
      <Filter>Source Files</Filter>
    </ClCompile>
    <ClCompile Include="dither.cpp">
      <Filter>Source Files</Filter>
    </ClCompile>
    <ClCompile Include="fftw_convolver.cpp">
      <Filter>Source Files</Filter>
    </ClCompile>
    <ClCompile Include="equalizer.cpp">
      <Filter>Source Files</Filter>
    </ClCompile>
    <ClCompile Include="preprocessor.cpp">
      <Filter>Source Files</Filter>
    </ClCompile>
    <ClCompile Include="real2raw.cpp">
      <Filter>Source Files</Filter>
    </ClCompile>
    <ClCompile Include="coeff.cpp">
      <Filter>Source Files</Filter>
    </ClCompile>
    <ClCompile Include="delay.cpp">
      <Filter>Source Files</Filter>
    </ClCompile>
    <ClCompile Include="raw2real.cpp">
      <Filter>Source Files</Filter>
    </ClCompile>
    <ClCompile Include="app_path.cpp">
      <Filter>Source Files</Filter>
    </ClCompile>
    <ClCompile Include="util.cpp">
      <Filter>Source Files</Filter>
    </ClCompile>
    <ClCompile Include="buffer.cpp">
      <Filter>Source Files</Filter>
    </ClCompile>
  </ItemGroup>
</Project>